// !$*UTF8*$!
{
	archiveVersion = 1;
	classes = {
	};
	objectVersion = 46;
	objects = {

/* Begin PBXBuildFile section */
		48250FB31DC89BCC001E6F92 /* main.m in Sources */ = {isa = PBXBuildFile; fileRef = 48250FB21DC89BCC001E6F92 /* main.m */; };
		48250FB61DC89BCC001E6F92 /* AppDelegate.m in Sources */ = {isa = PBXBuildFile; fileRef = 48250FB51DC89BCC001E6F92 /* AppDelegate.m */; };
		48250FB91DC89BCC001E6F92 /* ViewController.m in Sources */ = {isa = PBXBuildFile; fileRef = 48250FB81DC89BCC001E6F92 /* ViewController.m */; };
		48250FBC1DC89BCC001E6F92 /* Main.storyboard in Resources */ = {isa = PBXBuildFile; fileRef = 48250FBA1DC89BCC001E6F92 /* Main.storyboard */; };
		48250FBE1DC89BCC001E6F92 /* Assets.xcassets in Resources */ = {isa = PBXBuildFile; fileRef = 48250FBD1DC89BCC001E6F92 /* Assets.xcassets */; };
		48250FC11DC89BCC001E6F92 /* LaunchScreen.storyboard in Resources */ = {isa = PBXBuildFile; fileRef = 48250FBF1DC89BCC001E6F92 /* LaunchScreen.storyboard */; };
		48250FCD1DC89BF2001E6F92 /* MDJLineView.m in Sources */ = {isa = PBXBuildFile; fileRef = 48250FCA1DC89BF2001E6F92 /* MDJLineView.m */; };
		48250FCE1DC89BF2001E6F92 /* MDJProgressChat.m in Sources */ = {isa = PBXBuildFile; fileRef = 48250FCC1DC89BF2001E6F92 /* MDJProgressChat.m */; };
/* End PBXBuildFile section */

/* Begin PBXFileReference section */
		48250FAE1DC89BCC001E6F92 /* AliPayCreditRating.app */ = {isa = PBXFileReference; explicitFileType = wrapper.application; includeInIndex = 0; path = AliPayCreditRating.app; sourceTree = BUILT_PRODUCTS_DIR; };
		48250FB21DC89BCC001E6F92 /* main.m */ = {isa = PBXFileReference; lastKnownFileType = sourcecode.c.objc; path = main.m; sourceTree = "<group>"; };
		48250FB41DC89BCC001E6F92 /* AppDelegate.h */ = {isa = PBXFileReference; lastKnownFileType = sourcecode.c.h; path = AppDelegate.h; sourceTree = "<group>"; };
		48250FB51DC89BCC001E6F92 /* AppDelegate.m */ = {isa = PBXFileReference; lastKnownFileType = sourcecode.c.objc; path = AppDelegate.m; sourceTree = "<group>"; };
		48250FB71DC89BCC001E6F92 /* ViewController.h */ = {isa = PBXFileReference; lastKnownFileType = sourcecode.c.h; path = ViewController.h; sourceTree = "<group>"; };
		48250FB81DC89BCC001E6F92 /* ViewController.m */ = {isa = PBXFileReference; lastKnownFileType = sourcecode.c.objc; path = ViewController.m; sourceTree = "<group>"; };
		48250FBB1DC89BCC001E6F92 /* Base */ = {isa = PBXFileReference; lastKnownFileType = file.storyboard; name = Base; path = Base.lproj/Main.storyboard; sourceTree = "<group>"; };
		48250FBD1DC89BCC001E6F92 /* Assets.xcassets */ = {isa = PBXFileReference; lastKnownFileType = folder.assetcatalog; path = Assets.xcassets; sourceTree = "<group>"; };
		48250FC01DC89BCC001E6F92 /* Base */ = {isa = PBXFileReference; lastKnownFileType = file.storyboard; name = Base; path = Base.lproj/LaunchScreen.storyboard; sourceTree = "<group>"; };
		48250FC21DC89BCC001E6F92 /* Info.plist */ = {isa = PBXFileReference; lastKnownFileType = text.plist.xml; path = Info.plist; sourceTree = "<group>"; };
		48250FC91DC89BF2001E6F92 /* MDJLineView.h */ = {isa = PBXFileReference; fileEncoding = 4; lastKnownFileType = sourcecode.c.h; path = MDJLineView.h; sourceTree = "<group>"; };
		48250FCA1DC89BF2001E6F92 /* MDJLineView.m */ = {isa = PBXFileReference; fileEncoding = 4; lastKnownFileType = sourcecode.c.objc; path = MDJLineView.m; sourceTree = "<group>"; };
		48250FCB1DC89BF2001E6F92 /* MDJProgressChat.h */ = {isa = PBXFileReference; fileEncoding = 4; lastKnownFileType = sourcecode.c.h; path = MDJProgressChat.h; sourceTree = "<group>"; };
		48250FCC1DC89BF2001E6F92 /* MDJProgressChat.m */ = {isa = PBXFileReference; fileEncoding = 4; lastKnownFileType = sourcecode.c.objc; path = MDJProgressChat.m; sourceTree = "<group>"; };
/* End PBXFileReference section */

/* Begin PBXFrameworksBuildPhase section */
		48250FAB1DC89BCC001E6F92 /* Frameworks */ = {
			isa = PBXFrameworksBuildPhase;
			buildActionMask = 2147483647;
			files = (
			);
			runOnlyForDeploymentPostprocessing = 0;
		};
/* End PBXFrameworksBuildPhase section */

/* Begin PBXGroup section */
		48250FA51DC89BCC001E6F92 = {
			isa = PBXGroup;
			children = (
				48250FB01DC89BCC001E6F92 /* AliPayCreditRating */,
				48250FAF1DC89BCC001E6F92 /* Products */,
			);
			sourceTree = "<group>";
		};
		48250FAF1DC89BCC001E6F92 /* Products */ = {
			isa = PBXGroup;
			children = (
				48250FAE1DC89BCC001E6F92 /* AliPayCreditRating.app */,
			);
			name = Products;
			sourceTree = "<group>";
		};
		48250FB01DC89BCC001E6F92 /* AliPayCreditRating */ = {
			isa = PBXGroup;
			children = (
				48250FC81DC89BF2001E6F92 /* Classes */,
				48250FB41DC89BCC001E6F92 /* AppDelegate.h */,
				48250FB51DC89BCC001E6F92 /* AppDelegate.m */,
				48250FB71DC89BCC001E6F92 /* ViewController.h */,
				48250FB81DC89BCC001E6F92 /* ViewController.m */,
				48250FB11DC89BCC001E6F92 /* Supporting Files */,
			);
			path = AliPayCreditRating;
			sourceTree = "<group>";
		};
		48250FB11DC89BCC001E6F92 /* Supporting Files */ = {
			isa = PBXGroup;
			children = (
				48250FBA1DC89BCC001E6F92 /* Main.storyboard */,
				48250FBD1DC89BCC001E6F92 /* Assets.xcassets */,
				48250FBF1DC89BCC001E6F92 /* LaunchScreen.storyboard */,
				48250FC21DC89BCC001E6F92 /* Info.plist */,
				48250FB21DC89BCC001E6F92 /* main.m */,
			);
			name = "Supporting Files";
			sourceTree = "<group>";
		};
		48250FC81DC89BF2001E6F92 /* Classes */ = {
			isa = PBXGroup;
			children = (
				48250FCB1DC89BF2001E6F92 /* MDJProgressChat.h */,
				48250FCC1DC89BF2001E6F92 /* MDJProgressChat.m */,
				48250FC91DC89BF2001E6F92 /* MDJLineView.h */,
				48250FCA1DC89BF2001E6F92 /* MDJLineView.m */,
			);
			path = Classes;
			sourceTree = "<group>";
		};
/* End PBXGroup section */

/* Begin PBXNativeTarget section */
		48250FAD1DC89BCC001E6F92 /* AliPayCreditRating */ = {
			isa = PBXNativeTarget;
			buildConfigurationList = 48250FC51DC89BCC001E6F92 /* Build configuration list for PBXNativeTarget "AliPayCreditRating" */;
			buildPhases = (
				48250FAA1DC89BCC001E6F92 /* Sources */,
				48250FAB1DC89BCC001E6F92 /* Frameworks */,
				48250FAC1DC89BCC001E6F92 /* Resources */,
			);
			buildRules = (
			);
			dependencies = (
			);
			name = AliPayCreditRating;
			productName = AliPayCreditRating;
			productReference = 48250FAE1DC89BCC001E6F92 /* AliPayCreditRating.app */;
			productType = "com.apple.product-type.application";
		};
/* End PBXNativeTarget section */

/* Begin PBXProject section */
		48250FA61DC89BCC001E6F92 /* Project object */ = {
			isa = PBXProject;
			attributes = {
				LastUpgradeCheck = 0800;
				ORGANIZATIONNAME = MDJ;
				TargetAttributes = {
					48250FAD1DC89BCC001E6F92 = {
						CreatedOnToolsVersion = 8.0;
						DevelopmentTeam = GVKNPTVD57;
						ProvisioningStyle = Automatic;
					};
				};
			};
			buildConfigurationList = 48250FA91DC89BCC001E6F92 /* Build configuration list for PBXProject "AliPayCreditRating" */;
			compatibilityVersion = "Xcode 3.2";
			developmentRegion = English;
			hasScannedForEncodings = 0;
			knownRegions = (
				en,
				Base,
			);
			mainGroup = 48250FA51DC89BCC001E6F92;
			productRefGroup = 48250FAF1DC89BCC001E6F92 /* Products */;
			projectDirPath = "";
			projectRoot = "";
			targets = (
				48250FAD1DC89BCC001E6F92 /* AliPayCreditRating */,
			);
		};
/* End PBXProject section */

/* Begin PBXResourcesBuildPhase section */
		48250FAC1DC89BCC001E6F92 /* Resources */ = {
			isa = PBXResourcesBuildPhase;
			buildActionMask = 2147483647;
			files = (
				48250FC11DC89BCC001E6F92 /* LaunchScreen.storyboard in Resources */,
				48250FBE1DC89BCC001E6F92 /* Assets.xcassets in Resources */,
				48250FBC1DC89BCC001E6F92 /* Main.storyboard in Resources */,
			);
			runOnlyForDeploymentPostprocessing = 0;
		};
/* End PBXResourcesBuildPhase section */

/* Begin PBXSourcesBuildPhase section */
		48250FAA1DC89BCC001E6F92 /* Sources */ = {
			isa = PBXSourcesBuildPhase;
			buildActionMask = 2147483647;
			files = (
				48250FB91DC89BCC001E6F92 /* ViewController.m in Sources */,
				48250FB61DC89BCC001E6F92 /* AppDelegate.m in Sources */,
				48250FCD1DC89BF2001E6F92 /* MDJLineView.m in Sources */,
				48250FB31DC89BCC001E6F92 /* main.m in Sources */,
				48250FCE1DC89BF2001E6F92 /* MDJProgressChat.m in Sources */,
			);
			runOnlyForDeploymentPostprocessing = 0;
		};
/* End PBXSourcesBuildPhase section */

/* Begin PBXVariantGroup section */
		48250FBA1DC89BCC001E6F92 /* Main.storyboard */ = {
			isa = PBXVariantGroup;
			children = (
				48250FBB1DC89BCC001E6F92 /* Base */,
			);
			name = Main.storyboard;
			sourceTree = "<group>";
		};
		48250FBF1DC89BCC001E6F92 /* LaunchScreen.storyboard */ = {
			isa = PBXVariantGroup;
			children = (
				48250FC01DC89BCC001E6F92 /* Base */,
			);
			name = LaunchScreen.storyboard;
			sourceTree = "<group>";
		};
/* End PBXVariantGroup section */

/* Begin XCBuildConfiguration section */
		48250FC31DC89BCC001E6F92 /* Debug */ = {
			isa = XCBuildConfiguration;
			buildSettings = {
				ALWAYS_SEARCH_USER_PATHS = NO;
				CLANG_ANALYZER_NONNULL = YES;
				CLANG_CXX_LANGUAGE_STANDARD = "gnu++0x";
				CLANG_CXX_LIBRARY = "libc++";
				CLANG_ENABLE_MODULES = YES;
				CLANG_ENABLE_OBJC_ARC = YES;
				CLANG_WARN_BOOL_CONVERSION = YES;
				CLANG_WARN_CONSTANT_CONVERSION = YES;
				CLANG_WARN_DIRECT_OBJC_ISA_USAGE = YES_ERROR;
				CLANG_WARN_DOCUMENTATION_COMMENTS = YES;
				CLANG_WARN_EMPTY_BODY = YES;
				CLANG_WARN_ENUM_CONVERSION = YES;
				CLANG_WARN_INFINITE_RECURSION = YES;
				CLANG_WARN_INT_CONVERSION = YES;
				CLANG_WARN_OBJC_ROOT_CLASS = YES_ERROR;
				CLANG_WARN_SUSPICIOUS_MOVES = YES;
				CLANG_WARN_UNREACHABLE_CODE = YES;
				CLANG_WARN__DUPLICATE_METHOD_MATCH = YES;
				"CODE_SIGN_IDENTITY[sdk=iphoneos*]" = "iPhone Developer";
				COPY_PHASE_STRIP = NO;
				DEBUG_INFORMATION_FORMAT = dwarf;
				ENABLE_STRICT_OBJC_MSGSEND = YES;
				ENABLE_TESTABILITY = YES;
				GCC_C_LANGUAGE_STANDARD = gnu99;
				GCC_DYNAMIC_NO_PIC = NO;
				GCC_NO_COMMON_BLOCKS = YES;
				GCC_OPTIMIZATION_LEVEL = 0;
				GCC_PREPROCESSOR_DEFINITIONS = (
					"DEBUG=1",
					"$(inherited)",
				);
				GCC_WARN_64_TO_32_BIT_CONVERSION = YES;
				GCC_WARN_ABOUT_RETURN_TYPE = YES_ERROR;
				GCC_WARN_UNDECLARED_SELECTOR = YES;
				GCC_WARN_UNINITIALIZED_AUTOS = YES_AGGRESSIVE;
				GCC_WARN_UNUSED_FUNCTION = YES;
				GCC_WARN_UNUSED_VARIABLE = YES;
				IPHONEOS_DEPLOYMENT_TARGET = 10.0;
				MTL_ENABLE_DEBUG_INFO = YES;
				ONLY_ACTIVE_ARCH = YES;
				SDKROOT = iphoneos;
				TARGETED_DEVICE_FAMILY = "1,2";
			};
			name = Debug;
		};
		48250FC41DC89BCC001E6F92 /* Release */ = {
			isa = XCBuildConfiguration;
			buildSettings = {
				ALWAYS_SEARCH_USER_PATHS = NO;
				CLANG_ANALYZER_NONNULL = YES;
				CLANG_CXX_LANGUAGE_STANDARD = "gnu++0x";
				CLANG_CXX_LIBRARY = "libc++";
				CLANG_ENABLE_MODULES = YES;
				CLANG_ENABLE_OBJC_ARC = YES;
				CLANG_WARN_BOOL_CONVERSION = YES;
				CLANG_WARN_CONSTANT_CONVERSION = YES;
				CLANG_WARN_DIRECT_OBJC_ISA_USAGE = YES_ERROR;
				CLANG_WARN_DOCUMENTATION_COMMENTS = YES;
				CLANG_WARN_EMPTY_BODY = YES;
				CLANG_WARN_ENUM_CONVERSION = YES;
				CLANG_WARN_INFINITE_RECURSION = YES;
				CLANG_WARN_INT_CONVERSION = YES;
				CLANG_WARN_OBJC_ROOT_CLASS = YES_ERROR;
				CLANG_WARN_SUSPICIOUS_MOVES = YES;
				CLANG_WARN_UNREACHABLE_CODE = YES;
				CLANG_WARN__DUPLICATE_METHOD_MATCH = YES;
				"CODE_SIGN_IDENTITY[sdk=iphoneos*]" = "iPhone Developer";
				COPY_PHASE_STRIP = NO;
				DEBUG_INFORMATION_FORMAT = "dwarf-with-dsym";
				ENABLE_NS_ASSERTIONS = NO;
				ENABLE_STRICT_OBJC_MSGSEND = YES;
				GCC_C_LANGUAGE_STANDARD = gnu99;
				GCC_NO_COMMON_BLOCKS = YES;
				GCC_WARN_64_TO_32_BIT_CONVERSION = YES;
				GCC_WARN_ABOUT_RETURN_TYPE = YES_ERROR;
				GCC_WARN_UNDECLARED_SELECTOR = YES;
				GCC_WARN_UNINITIALIZED_AUTOS = YES_AGGRESSIVE;
				GCC_WARN_UNUSED_FUNCTION = YES;
				GCC_WARN_UNUSED_VARIABLE = YES;
				IPHONEOS_DEPLOYMENT_TARGET = 10.0;
				MTL_ENABLE_DEBUG_INFO = NO;
				SDKROOT = iphoneos;
				TARGETED_DEVICE_FAMILY = "1,2";
				VALIDATE_PRODUCT = YES;
			};
			name = Release;
		};
		48250FC61DC89BCC001E6F92 /* Debug */ = {
			isa = XCBuildConfiguration;
			buildSettings = {
				ASSETCATALOG_COMPILER_APPICON_NAME = AppIcon;
				DEVELOPMENT_TEAM = GVKNPTVD57;
				INFOPLIST_FILE = AliPayCreditRating/Info.plist;
				LD_RUNPATH_SEARCH_PATHS = "$(inherited) @executable_path/Frameworks";
				PRODUCT_BUNDLE_IDENTIFIER = UUXue.AliPayCreditRating;
				PRODUCT_NAME = "$(TARGET_NAME)";
			};
			name = Debug;
		};
		48250FC71DC89BCC001E6F92 /* Release */ = {
			isa = XCBuildConfiguration;
			buildSettings = {
				ASSETCATALOG_COMPILER_APPICON_NAME = AppIcon;
				DEVELOPMENT_TEAM = GVKNPTVD57;
				INFOPLIST_FILE = AliPayCreditRating/Info.plist;
				LD_RUNPATH_SEARCH_PATHS = "$(inherited) @executable_path/Frameworks";
				PRODUCT_BUNDLE_IDENTIFIER = UUXue.AliPayCreditRating;
				PRODUCT_NAME = "$(TARGET_NAME)";
			};
			name = Release;
		};
/* End XCBuildConfiguration section */

/* Begin XCConfigurationList section */
		48250FA91DC89BCC001E6F92 /* Build configuration list for PBXProject "AliPayCreditRating" */ = {
			isa = XCConfigurationList;
			buildConfigurations = (
				48250FC31DC89BCC001E6F92 /* Debug */,
				48250FC41DC89BCC001E6F92 /* Release */,
			);
			defaultConfigurationIsVisible = 0;
			defaultConfigurationName = Release;
		};
		48250FC51DC89BCC001E6F92 /* Build configuration list for PBXNativeTarget "AliPayCreditRating" */ = {
			isa = XCConfigurationList;
			buildConfigurations = (
				48250FC61DC89BCC001E6F92 /* Debug */,
				48250FC71DC89BCC001E6F92 /* Release */,
			);
			defaultConfigurationIsVisible = 0;
		};
/* End XCConfigurationList section */
	};
	rootObject = 48250FA61DC89BCC001E6F92 /* Project object */;
}
